
Microsoft Visual Studio Solution File, Format Version 12.00
# Visual Studio Version 16
VisualStudioVersion = 16.0.30225.117
MinimumVisualStudioVersion = 10.0.40219.1
Project("{FAE04EC0-301F-11D3-BF4B-00C04F79EFBC}") = "Point Cloud Downsampling", "Point Cloud Downsampling\Point Cloud Downsampling.csproj", "{64588338-BF4E-482A-BEDB-C6B46563B63A}"
EndProject
Global
	GlobalSection(SolutionConfigurationPlatforms) = preSolution
		Debug|Any CPU = Debug|Any CPU
		Release|Any CPU = Release|Any CPU
	EndGlobalSection
	GlobalSection(ProjectConfigurationPlatforms) = postSolution
		{64588338-BF4E-482A-BEDB-C6B46563B63A}.Debug|Any CPU.ActiveCfg = Debug|Any CPU
		{64588338-BF4E-482A-BEDB-C6B46563B63A}.Debug|Any CPU.Build.0 = Debug|Any CPU
		{64588338-BF4E-482A-BEDB-C6B46563B63A}.Release|Any CPU.ActiveCfg = Release|Any CPU
		{64588338-BF4E-482A-BEDB-C6B46563B63A}.Release|Any CPU.Build.0 = Release|Any CPU
	EndGlobalSection
	GlobalSection(SolutionProperties) = preSolution
		HideSolutionNode = FALSE
	EndGlobalSection
	GlobalSection(ExtensibilityGlobals) = postSolution
		SolutionGuid = {AB7262EB-FB2F-42E6-9C5B-A042BA188E4D}
	EndGlobalSection
EndGlobal
